# This file is generated by running "yarn install" inside your project.
# Manual changes might be lost - proceed with caution!

__metadata:
  version: 8
  cacheKey: 10c0

"@chevrotain/cst-dts-gen@npm:11.0.3":
  version: 11.0.3
  resolution: "@chevrotain/cst-dts-gen@npm:11.0.3"
  dependencies:
    "@chevrotain/gast": "npm:11.0.3"
    "@chevrotain/types": "npm:11.0.3"
    lodash-es: "npm:4.17.21"
  checksum: 10c0/9e945a0611386e4e08af34c2d0b3af36c1af08f726b58145f11310f2aeafcb2d65264c06ec65a32df6b6a65771e6a55be70580c853afe3ceb51487e506967104
  languageName: node
  linkType: hard

"@chevrotain/gast@npm:11.0.3":
  version: 11.0.3
  resolution: "@chevrotain/gast@npm:11.0.3"
  dependencies:
    "@chevrotain/types": "npm:11.0.3"
    lodash-es: "npm:4.17.21"
  checksum: 10c0/54fc44d7b4a7b0323f49d957dd88ad44504922d30cb226d93b430b0e09925efe44e0726068581d777f423fabfb878a2238ed2c87b690c0c0014ebd12b6968354
  languageName: node
  linkType: hard

"@chevrotain/regexp-to-ast@npm:11.0.3":
  version: 11.0.3
  resolution: "@chevrotain/regexp-to-ast@npm:11.0.3"
  checksum: 10c0/6939c5c94fbfb8c559a4a37a283af5ded8e6147b184a7d7bcf5ad1404d9d663c78d81602bd8ea8458ec497358a9e1671541099c511835d0be2cad46f00c62b3f
  languageName: node
  linkType: hard

"@chevrotain/types@npm:11.0.3":
  version: 11.0.3
  resolution: "@chevrotain/types@npm:11.0.3"
  checksum: 10c0/72fe8f0010ebef848e47faea14a88c6fdc3cdbafaef6b13df4a18c7d33249b1b675e37b05cb90a421700c7016dae7cd4187ab6b549e176a81cea434f69cd2503
  languageName: node
  linkType: hard

"@chevrotain/utils@npm:11.0.3":
  version: 11.0.3
  resolution: "@chevrotain/utils@npm:11.0.3"
  checksum: 10c0/b31972d1b2d444eef1499cf9b7576fc1793e8544910de33a3c18e07c270cfad88067f175d0ee63e7bc604713ebed647f8190db45cc8311852cd2d4fe2ef14068
  languageName: node
  linkType: hard

"chevrotain-allstar@npm:0.3.1":
  version: 0.3.1
  resolution: "chevrotain-allstar@npm:0.3.1"
  dependencies:
    lodash-es: "npm:^4.17.21"
  peerDependencies:
    chevrotain: ^11.0.0
  checksum: 10c0/5cadedffd3114eb06b15fd3939bb1aa6c75412dbd737fe302b52c5c24334f9cb01cee8edc1d1067d98ba80dddf971f1d0e94b387de51423fc6cf3c5d8b7ef27a
  languageName: node
  linkType: hard

"chevrotain@npm:11.0.3":
  version: 11.0.3
  resolution: "chevrotain@npm:11.0.3"
  dependencies:
    "@chevrotain/cst-dts-gen": "npm:11.0.3"
    "@chevrotain/gast": "npm:11.0.3"
    "@chevrotain/regexp-to-ast": "npm:11.0.3"
    "@chevrotain/types": "npm:11.0.3"
    "@chevrotain/utils": "npm:11.0.3"
    lodash-es: "npm:4.17.21"
  checksum: 10c0/ffd425fa321e3f17e9833d7f44cd39f2743f066e92ca74b226176080ca5d455f853fe9091cdfd86354bd899d85c08b3bdc3f55b267e7d07124b048a88349765f
  languageName: node
  linkType: hard

"ejercicio_1@workspace:.":
  version: 0.0.0-use.local
  resolution: "ejercicio_1@workspace:."
  dependencies:
    prettier: "npm:^3.8.1"
    prettier-plugin-java: "npm:^2.8.1"
  languageName: unknown
  linkType: soft

"java-parser@npm:3.0.1":
  version: 3.0.1
  resolution: "java-parser@npm:3.0.1"
  dependencies:
    chevrotain: "npm:11.0.3"
    chevrotain-allstar: "npm:0.3.1"
    lodash: "npm:4.17.21"
  checksum: 10c0/9b60f1132b65785fe4f4c10785fc1638a4092aecf222f63706c119425d0ffb676b7229390abe289082cf837cd470df63f9b9383743d470816fa170240f8b1e22
  languageName: node
  linkType: hard

"lodash-es@npm:4.17.21":
  version: 4.17.21
  resolution: "lodash-es@npm:4.17.21"
  checksum: 10c0/fb407355f7e6cd523a9383e76e6b455321f0f153a6c9625e21a8827d10c54c2a2341bd2ae8d034358b60e07325e1330c14c224ff582d04612a46a4f0479ff2f2
  languageName: node
  linkType: hard

"lodash-es@npm:^4.17.21":
  version: 4.17.23
  resolution: "lodash-es@npm:4.17.23"
  checksum: 10c0/3150fb6660c14c7a6b5f23bd11597d884b140c0e862a17fdb415aaa5ef7741523182904a6b7929f04e5f60a11edb5a79499eb448734381c99ffb3c4734beeddd
  languageName: node
  linkType: hard

"lodash@npm:4.17.21":
  version: 4.17.21
  resolution: "lodash@npm:4.17.21"
  checksum: 10c0/d8cbea072bb08655bb4c989da418994b073a608dffa608b09ac04b43a791b12aeae7cd7ad919aa4c925f33b48490b5cfe6c1f71d827956071dae2e7bb3a6b74c
  languageName: node
  linkType: hard

"prettier-plugin-java@npm:^2.8.1":
  version: 2.8.1
  resolution: "prettier-plugin-java@npm:2.8.1"
  dependencies:
    java-parser: "npm:3.0.1"
  peerDependencies:
    prettier: ^3.0.0
  checksum: 10c0/85c8ded14a0aaf1df1d5367ebe0f18c9d7d7284780a13bd1e037ca0190ebc4d42e69a849ddd3a2440c4c14cc19fbeb3b57acec1a3cd61076e917a1432dd72c75
  languageName: node
  linkType: hard

"prettier@npm:^3.8.1":
  version: 3.8.1
  resolution: "prettier@npm:3.8.1"
  bin:
    prettier: bin/prettier.cjs
  checksum: 10c0/33169b594009e48f570471271be7eac7cdcf88a209eed39ac3b8d6d78984039bfa9132f82b7e6ba3b06711f3bfe0222a62a1bfb87c43f50c25a83df1b78a2c42
  languageName: node
  linkType: hard
